
Microsoft Visual Studio Solution File, Format Version 12.00
# Visual Studio Version 17
VisualStudioVersion = 17.9.34714.143
MinimumVisualStudioVersion = 10.0.40219.1
Project("{9A19103F-16F7-4668-BE54-9A1E7A4F7556}") = "listas", "listas\listas.csproj", "{05878965-9688-4518-8618-1A74E8E8C8A5}"
EndProject
Project("{FAE04EC0-301F-11D3-BF4B-00C04F79EFBC}") = "ConsoleApp1", "ConsoleApp1\ConsoleApp1.csproj", "{2DCFE70F-3B6A-4AE7-9210-1654FE778108}"
EndProject
Global
	GlobalSection(SolutionConfigurationPlatforms) = preSolution
		Debug|Any CPU = Debug|Any CPU
		Release|Any CPU = Release|Any CPU
	EndGlobalSection
	GlobalSection(ProjectConfigurationPlatforms) = postSolution
		{05878965-9688-4518-8618-1A74E8E8C8A5}.Debug|Any CPU.ActiveCfg = Debug|Any CPU
		{05878965-9688-4518-8618-1A74E8E8C8A5}.Debug|Any CPU.Build.0 = Debug|Any CPU
		{05878965-9688-4518-8618-1A74E8E8C8A5}.Release|Any CPU.ActiveCfg = Release|Any CPU
		{05878965-9688-4518-8618-1A74E8E8C8A5}.Release|Any CPU.Build.0 = Release|Any CPU
		{2DCFE70F-3B6A-4AE7-9210-1654FE778108}.Debug|Any CPU.ActiveCfg = Debug|Any CPU
		{2DCFE70F-3B6A-4AE7-9210-1654FE778108}.Debug|Any CPU.Build.0 = Debug|Any CPU
		{2DCFE70F-3B6A-4AE7-9210-1654FE778108}.Release|Any CPU.ActiveCfg = Release|Any CPU
		{2DCFE70F-3B6A-4AE7-9210-1654FE778108}.Release|Any CPU.Build.0 = Release|Any CPU
	EndGlobalSection
	GlobalSection(SolutionProperties) = preSolution
		HideSolutionNode = FALSE
	EndGlobalSection
	GlobalSection(ExtensibilityGlobals) = postSolution
		SolutionGuid = {B23A2445-8E7E-4E37-B62E-31BD8CB708BC}
	EndGlobalSection
EndGlobal
